
Microsoft Visual Studio Solution File, Format Version 12.00
# Visual Studio Version 17
VisualStudioVersion = 17.5.33516.290
MinimumVisualStudioVersion = 10.0.40219.1
Project("{9A19103F-16F7-4668-BE54-9A1E7A4F7556}") = "ServiceBootstrap", "src\ServiceBootstrap\ServiceBootstrap.csproj", "{234F06BC-439A-4B1E-AE9A-5D8F4E336300}"
EndProject
Project("{2150E333-8FDC-42A3-9474-1A3956D46DE8}") = "Solution Items", "Solution Items", "{3869A5B7-D879-4DB5-BE37-599516CE8EF9}"
	ProjectSection(SolutionItems) = preProject
		.gitignore = .gitignore
		LICENSE = LICENSE
		README.md = README.md
	EndProjectSection
EndProject
Global
	GlobalSection(SolutionConfigurationPlatforms) = preSolution
		Debug|Any CPU = Debug|Any CPU
		Release|Any CPU = Release|Any CPU
	EndGlobalSection
	GlobalSection(ProjectConfigurationPlatforms) = postSolution
		{234F06BC-439A-4B1E-AE9A-5D8F4E336300}.Debug|Any CPU.ActiveCfg = Debug|Any CPU
		{234F06BC-439A-4B1E-AE9A-5D8F4E336300}.Debug|Any CPU.Build.0 = Debug|Any CPU
		{234F06BC-439A-4B1E-AE9A-5D8F4E336300}.Release|Any CPU.ActiveCfg = Release|Any CPU
		{234F06BC-439A-4B1E-AE9A-5D8F4E336300}.Release|Any CPU.Build.0 = Release|Any CPU
	EndGlobalSection
	GlobalSection(SolutionProperties) = preSolution
		HideSolutionNode = FALSE
	EndGlobalSection
	GlobalSection(ExtensibilityGlobals) = postSolution
		SolutionGuid = {32A34253-24FE-4A7F-A981-A6DE88A1269F}
	EndGlobalSection
EndGlobal
